// !$*UTF8*$!
{
	archiveVersion = 1;
	classes = {
	};
	objectVersion = 56;
	objects = {

/* Begin PBXBuildFile section */
		7E1D63CF2BFD082800B9A979 /* FilmPoster.swift in Sources */ = {isa = PBXBuildFile; fileRef = 7E1D63CE2BFD082800B9A979 /* FilmPoster.swift */; };
		7E1D63D42BFD116900B9A979 /* GenreFetcher.swift in Sources */ = {isa = PBXBuildFile; fileRef = 7E1D63D32BFD116900B9A979 /* GenreFetcher.swift */; };
		7E1D63D62BFD11FE00B9A979 /* FilterDataService.swift in Sources */ = {isa = PBXBuildFile; fileRef = 7E1D63D52BFD11FE00B9A979 /* FilterDataService.swift */; };
		7E4323712BFB6E8D0012CFA9 /* Actor.swift in Sources */ = {isa = PBXBuildFile; fileRef = 7E4323702BFB6E8D0012CFA9 /* Actor.swift */; };
		7E4323732BFB70750012CFA9 /* Cinema.swift in Sources */ = {isa = PBXBuildFile; fileRef = 7E4323722BFB70750012CFA9 /* Cinema.swift */; };
		7E4323752BFB71240012CFA9 /* City.swift in Sources */ = {isa = PBXBuildFile; fileRef = 7E4323742BFB71240012CFA9 /* City.swift */; };
		7E4323772BFB71AC0012CFA9 /* Genre.swift in Sources */ = {isa = PBXBuildFile; fileRef = 7E4323762BFB71AC0012CFA9 /* Genre.swift */; };
		7E4323792BFB72070012CFA9 /* Hall.swift in Sources */ = {isa = PBXBuildFile; fileRef = 7E4323782BFB72070012CFA9 /* Hall.swift */; };
		7E43237B2BFB74D30012CFA9 /* Review.swift in Sources */ = {isa = PBXBuildFile; fileRef = 7E43237A2BFB74D30012CFA9 /* Review.swift */; };
		7E43237D2BFB75F40012CFA9 /* Session.swift in Sources */ = {isa = PBXBuildFile; fileRef = 7E43237C2BFB75F40012CFA9 /* Session.swift */; };
		7E43237F2BFBC4530012CFA9 /* SessionsView.swift in Sources */ = {isa = PBXBuildFile; fileRef = 7E43237E2BFBC4530012CFA9 /* SessionsView.swift */; };
		7E4323812BFBD9190012CFA9 /* HallView.swift in Sources */ = {isa = PBXBuildFile; fileRef = 7E4323802BFBD9190012CFA9 /* HallView.swift */; };
		7E65C3E02C0DC2930092C7E6 /* TicketsDataService.swift in Sources */ = {isa = PBXBuildFile; fileRef = 7E65C3DF2C0DC2930092C7E6 /* TicketsDataService.swift */; };
		7E65C3E22C0DC39E0092C7E6 /* TicketFetcher.swift in Sources */ = {isa = PBXBuildFile; fileRef = 7E65C3E12C0DC39E0092C7E6 /* TicketFetcher.swift */; };
		7E65C3E42C0DC73F0092C7E6 /* AuthorizationService.swift in Sources */ = {isa = PBXBuildFile; fileRef = 7E65C3E32C0DC73F0092C7E6 /* AuthorizationService.swift */; };
		7E65C3E62C0DC7C50092C7E6 /* UserNetworking.swift in Sources */ = {isa = PBXBuildFile; fileRef = 7E65C3E52C0DC7C50092C7E6 /* UserNetworking.swift */; };
		7E65E07E2C11BBC80085DC2F /* SigningUpView.swift in Sources */ = {isa = PBXBuildFile; fileRef = 7E65E07D2C11BBC80085DC2F /* SigningUpView.swift */; };
		7E65E0802C11C8EB0085DC2F /* UserDataService.swift in Sources */ = {isa = PBXBuildFile; fileRef = 7E65E07F2C11C8EB0085DC2F /* UserDataService.swift */; };
		7E74B1F72C0CE1E800598911 /* SessionFetcher.swift in Sources */ = {isa = PBXBuildFile; fileRef = 7E74B1F62C0CE1E800598911 /* SessionFetcher.swift */; };
		7E74B1F92C0CE26600598911 /* SessionsDataService.swift in Sources */ = {isa = PBXBuildFile; fileRef = 7E74B1F82C0CE26600598911 /* SessionsDataService.swift */; };
		7E8A7CDA2BF236C10074CB68 /* FilmHubApp.swift in Sources */ = {isa = PBXBuildFile; fileRef = 7E8A7CD92BF236C10074CB68 /* FilmHubApp.swift */; };
		7E8A7CDE2BF236C20074CB68 /* Assets.xcassets in Resources */ = {isa = PBXBuildFile; fileRef = 7E8A7CDD2BF236C20074CB68 /* Assets.xcassets */; };
		7E8A7CE92BF2636F0074CB68 /* LaunchScreen.storyboard in Resources */ = {isa = PBXBuildFile; fileRef = 7E8A7CE82BF2636F0074CB68 /* LaunchScreen.storyboard */; };
		7E8EE1D52BF620A500CB8166 /* Movie.swift in Sources */ = {isa = PBXBuildFile; fileRef = 7E8EE1D42BF620A500CB8166 /* Movie.swift */; };
		7E8EE1D72BF6293E00CB8166 /* FilmDeatailsView.swift in Sources */ = {isa = PBXBuildFile; fileRef = 7E8EE1D62BF6293E00CB8166 /* FilmDeatailsView.swift */; };
		7E8EE1D92BF63EE300CB8166 /* MainScreen.swift in Sources */ = {isa = PBXBuildFile; fileRef = 7E8EE1D82BF63EE300CB8166 /* MainScreen.swift */; };
		7E8EE1DB2BF63FF500CB8166 /* TicketList.swift in Sources */ = {isa = PBXBuildFile; fileRef = 7E8EE1DA2BF63FF500CB8166 /* TicketList.swift */; };
		7E8EE1DD2BF6401800CB8166 /* ProfileView.swift in Sources */ = {isa = PBXBuildFile; fileRef = 7E8EE1DC2BF6401800CB8166 /* ProfileView.swift */; };
		7E8EE1E12BF658FB00CB8166 /* TicketView.swift in Sources */ = {isa = PBXBuildFile; fileRef = 7E8EE1E02BF658FB00CB8166 /* TicketView.swift */; };
		7E8EE1E32BF6597800CB8166 /* Ticket.swift in Sources */ = {isa = PBXBuildFile; fileRef = 7E8EE1E22BF6597800CB8166 /* Ticket.swift */; };
		7E8EE1E52BF65CDC00CB8166 /* Const.swift in Sources */ = {isa = PBXBuildFile; fileRef = 7E8EE1E42BF65CDC00CB8166 /* Const.swift */; };
		7E8EE1E72BF6682800CB8166 /* ScreenHeader.swift in Sources */ = {isa = PBXBuildFile; fileRef = 7E8EE1E62BF6682800CB8166 /* ScreenHeader.swift */; };
		7E993BAA2BFE5CF900D1722C /* ReviewView.swift in Sources */ = {isa = PBXBuildFile; fileRef = 7E993BA92BFE5CF900D1722C /* ReviewView.swift */; };
		7E993BAC2BFE5D4300D1722C /* AddOwnReview.swift in Sources */ = {isa = PBXBuildFile; fileRef = 7E993BAB2BFE5D4300D1722C /* AddOwnReview.swift */; };
		7E993BAE2BFE5D6900D1722C /* ReviewList.swift in Sources */ = {isa = PBXBuildFile; fileRef = 7E993BAD2BFE5D6900D1722C /* ReviewList.swift */; };
		7EA66B152BFA7FF6005B526A /* CheckBox.swift in Sources */ = {isa = PBXBuildFile; fileRef = 7EA66B142BFA7FF6005B526A /* CheckBox.swift */; };
		7EA8AC4A2BF6AA810094195E /* FilterView.swift in Sources */ = {isa = PBXBuildFile; fileRef = 7EA8AC492BF6AA810094195E /* FilterView.swift */; };
		7EC4DFC52C00C6C8009A1D0B /* FIlmDetailsDataService.swift in Sources */ = {isa = PBXBuildFile; fileRef = 7EC4DFC42C00C6C8009A1D0B /* FIlmDetailsDataService.swift */; };
		7ED3CE022BF5F5360083449F /* CustomButton.swift in Sources */ = {isa = PBXBuildFile; fileRef = 7ED3CE012BF5F5360083449F /* CustomButton.swift */; };
		7ED3CE042BF5F54F0083449F /* CustomSecureField.swift in Sources */ = {isa = PBXBuildFile; fileRef = 7ED3CE032BF5F54F0083449F /* CustomSecureField.swift */; };
		7ED3CE062BF5F5670083449F /* CustomTextField.swift in Sources */ = {isa = PBXBuildFile; fileRef = 7ED3CE052BF5F5670083449F /* CustomTextField.swift */; };
		7ED3CE092BF5F5CB0083449F /* User.swift in Sources */ = {isa = PBXBuildFile; fileRef = 7ED3CE082BF5F5CB0083449F /* User.swift */; };
		7ED3CE0C2BF5F6140083449F /* AuthorizationView.swift in Sources */ = {isa = PBXBuildFile; fileRef = 7ED3CE0B2BF5F6140083449F /* AuthorizationView.swift */; };
		7ED3CE102BF5F6530083449F /* FilmListView.swift in Sources */ = {isa = PBXBuildFile; fileRef = 7ED3CE0F2BF5F6530083449F /* FilmListView.swift */; };
		7ED3CE122BF5F6830083449F /* FilmView.swift in Sources */ = {isa = PBXBuildFile; fileRef = 7ED3CE112BF5F6830083449F /* FilmView.swift */; };
		7EE99BF02BFCD46A00804D2A /* Networking.swift in Sources */ = {isa = PBXBuildFile; fileRef = 7EE99BEF2BFCD46A00804D2A /* Networking.swift */; };
		7EE99BF22BFCD5AA00804D2A /* Errors.swift in Sources */ = {isa = PBXBuildFile; fileRef = 7EE99BF12BFCD5AA00804D2A /* Errors.swift */; };
		7EE99BF42BFCD89E00804D2A /* MovieFetcher.swift in Sources */ = {isa = PBXBuildFile; fileRef = 7EE99BF32BFCD89E00804D2A /* MovieFetcher.swift */; };
		7EE99BF62BFCE20900804D2A /* FilmListDataService.swift in Sources */ = {isa = PBXBuildFile; fileRef = 7EE99BF52BFCE20900804D2A /* FilmListDataService.swift */; };
		7EE99BF92BFCE2EE00804D2A /* SDWebImageSwiftUI in Frameworks */ = {isa = PBXBuildFile; productRef = 7EE99BF82BFCE2EE00804D2A /* SDWebImageSwiftUI */; };
		7EE99BFB2BFCEB9900804D2A /* CityFetcher.swift in Sources */ = {isa = PBXBuildFile; fileRef = 7EE99BFA2BFCEB9900804D2A /* CityFetcher.swift */; };
		7EE99BFD2BFCEE2100804D2A /* CinemaFetcher.swift in Sources */ = {isa = PBXBuildFile; fileRef = 7EE99BFC2BFCEE2100804D2A /* CinemaFetcher.swift */; };
/* End PBXBuildFile section */

/* Begin PBXFileReference section */
		7E1D63CE2BFD082800B9A979 /* FilmPoster.swift */ = {isa = PBXFileReference; lastKnownFileType = sourcecode.swift; path = FilmPoster.swift; sourceTree = "<group>"; };
		7E1D63D32BFD116900B9A979 /* GenreFetcher.swift */ = {isa = PBXFileReference; lastKnownFileType = sourcecode.swift; path = GenreFetcher.swift; sourceTree = "<group>"; };
		7E1D63D52BFD11FE00B9A979 /* FilterDataService.swift */ = {isa = PBXFileReference; lastKnownFileType = sourcecode.swift; path = FilterDataService.swift; sourceTree = "<group>"; };
		7E4323702BFB6E8D0012CFA9 /* Actor.swift */ = {isa = PBXFileReference; lastKnownFileType = sourcecode.swift; path = Actor.swift; sourceTree = "<group>"; };
		7E4323722BFB70750012CFA9 /* Cinema.swift */ = {isa = PBXFileReference; lastKnownFileType = sourcecode.swift; path = Cinema.swift; sourceTree = "<group>"; };
		7E4323742BFB71240012CFA9 /* City.swift */ = {isa = PBXFileReference; lastKnownFileType = sourcecode.swift; path = City.swift; sourceTree = "<group>"; };
		7E4323762BFB71AC0012CFA9 /* Genre.swift */ = {isa = PBXFileReference; lastKnownFileType = sourcecode.swift; path = Genre.swift; sourceTree = "<group>"; };
		7E4323782BFB72070012CFA9 /* Hall.swift */ = {isa = PBXFileReference; lastKnownFileType = sourcecode.swift; path = Hall.swift; sourceTree = "<group>"; };
		7E43237A2BFB74D30012CFA9 /* Review.swift */ = {isa = PBXFileReference; lastKnownFileType = sourcecode.swift; path = Review.swift; sourceTree = "<group>"; };
		7E43237C2BFB75F40012CFA9 /* Session.swift */ = {isa = PBXFileReference; lastKnownFileType = sourcecode.swift; path = Session.swift; sourceTree = "<group>"; };
		7E43237E2BFBC4530012CFA9 /* SessionsView.swift */ = {isa = PBXFileReference; lastKnownFileType = sourcecode.swift; path = SessionsView.swift; sourceTree = "<group>"; };
		7E4323802BFBD9190012CFA9 /* HallView.swift */ = {isa = PBXFileReference; lastKnownFileType = sourcecode.swift; path = HallView.swift; sourceTree = "<group>"; };
		7E65C3DF2C0DC2930092C7E6 /* TicketsDataService.swift */ = {isa = PBXFileReference; lastKnownFileType = sourcecode.swift; path = TicketsDataService.swift; sourceTree = "<group>"; };
		7E65C3E12C0DC39E0092C7E6 /* TicketFetcher.swift */ = {isa = PBXFileReference; lastKnownFileType = sourcecode.swift; path = TicketFetcher.swift; sourceTree = "<group>"; };
		7E65C3E32C0DC73F0092C7E6 /* AuthorizationService.swift */ = {isa = PBXFileReference; lastKnownFileType = sourcecode.swift; path = AuthorizationService.swift; sourceTree = "<group>"; };
		7E65C3E52C0DC7C50092C7E6 /* UserNetworking.swift */ = {isa = PBXFileReference; lastKnownFileType = sourcecode.swift; path = UserNetworking.swift; sourceTree = "<group>"; };
		7E65E07D2C11BBC80085DC2F /* SigningUpView.swift */ = {isa = PBXFileReference; lastKnownFileType = sourcecode.swift; path = SigningUpView.swift; sourceTree = "<group>"; };
		7E65E07F2C11C8EB0085DC2F /* UserDataService.swift */ = {isa = PBXFileReference; lastKnownFileType = sourcecode.swift; path = UserDataService.swift; sourceTree = "<group>"; };
		7E74B1F62C0CE1E800598911 /* SessionFetcher.swift */ = {isa = PBXFileReference; lastKnownFileType = sourcecode.swift; path = SessionFetcher.swift; sourceTree = "<group>"; };
		7E74B1F82C0CE26600598911 /* SessionsDataService.swift */ = {isa = PBXFileReference; lastKnownFileType = sourcecode.swift; path = SessionsDataService.swift; sourceTree = "<group>"; };
		7E8A7CD62BF236C10074CB68 /* FilmHub.app */ = {isa = PBXFileReference; explicitFileType = wrapper.application; includeInIndex = 0; path = FilmHub.app; sourceTree = BUILT_PRODUCTS_DIR; };
		7E8A7CD92BF236C10074CB68 /* FilmHubApp.swift */ = {isa = PBXFileReference; lastKnownFileType = sourcecode.swift; path = FilmHubApp.swift; sourceTree = "<group>"; };
		7E8A7CDD2BF236C20074CB68 /* Assets.xcassets */ = {isa = PBXFileReference; lastKnownFileType = folder.assetcatalog; path = Assets.xcassets; sourceTree = "<group>"; };
		7E8A7CE82BF2636F0074CB68 /* LaunchScreen.storyboard */ = {isa = PBXFileReference; lastKnownFileType = file.storyboard; path = LaunchScreen.storyboard; sourceTree = "<group>"; };
		7E8EE1D42BF620A500CB8166 /* Movie.swift */ = {isa = PBXFileReference; lastKnownFileType = sourcecode.swift; path = Movie.swift; sourceTree = "<group>"; };
		7E8EE1D62BF6293E00CB8166 /* FilmDeatailsView.swift */ = {isa = PBXFileReference; lastKnownFileType = sourcecode.swift; path = FilmDeatailsView.swift; sourceTree = "<group>"; };
		7E8EE1D82BF63EE300CB8166 /* MainScreen.swift */ = {isa = PBXFileReference; lastKnownFileType = sourcecode.swift; path = MainScreen.swift; sourceTree = "<group>"; };
		7E8EE1DA2BF63FF500CB8166 /* TicketList.swift */ = {isa = PBXFileReference; lastKnownFileType = sourcecode.swift; path = TicketList.swift; sourceTree = "<group>"; };
		7E8EE1DC2BF6401800CB8166 /* ProfileView.swift */ = {isa = PBXFileReference; lastKnownFileType = sourcecode.swift; path = ProfileView.swift; sourceTree = "<group>"; };
		7E8EE1E02BF658FB00CB8166 /* TicketView.swift */ = {isa = PBXFileReference; lastKnownFileType = sourcecode.swift; path = TicketView.swift; sourceTree = "<group>"; };
		7E8EE1E22BF6597800CB8166 /* Ticket.swift */ = {isa = PBXFileReference; lastKnownFileType = sourcecode.swift; path = Ticket.swift; sourceTree = "<group>"; };
		7E8EE1E42BF65CDC00CB8166 /* Const.swift */ = {isa = PBXFileReference; lastKnownFileType = sourcecode.swift; path = Const.swift; sourceTree = "<group>"; };
		7E8EE1E62BF6682800CB8166 /* ScreenHeader.swift */ = {isa = PBXFileReference; lastKnownFileType = sourcecode.swift; path = ScreenHeader.swift; sourceTree = "<group>"; };
		7E993BA92BFE5CF900D1722C /* ReviewView.swift */ = {isa = PBXFileReference; lastKnownFileType = sourcecode.swift; path = ReviewView.swift; sourceTree = "<group>"; };
		7E993BAB2BFE5D4300D1722C /* AddOwnReview.swift */ = {isa = PBXFileReference; lastKnownFileType = sourcecode.swift; path = AddOwnReview.swift; sourceTree = "<group>"; };
		7E993BAD2BFE5D6900D1722C /* ReviewList.swift */ = {isa = PBXFileReference; lastKnownFileType = sourcecode.swift; path = ReviewList.swift; sourceTree = "<group>"; };
		7EA66B142BFA7FF6005B526A /* CheckBox.swift */ = {isa = PBXFileReference; lastKnownFileType = sourcecode.swift; path = CheckBox.swift; sourceTree = "<group>"; };
		7EA8AC492BF6AA810094195E /* FilterView.swift */ = {isa = PBXFileReference; lastKnownFileType = sourcecode.swift; path = FilterView.swift; sourceTree = "<group>"; };
		7EC4DFC42C00C6C8009A1D0B /* FIlmDetailsDataService.swift */ = {isa = PBXFileReference; lastKnownFileType = sourcecode.swift; path = FIlmDetailsDataService.swift; sourceTree = "<group>"; };
		7ED3CE012BF5F5360083449F /* CustomButton.swift */ = {isa = PBXFileReference; lastKnownFileType = sourcecode.swift; path = CustomButton.swift; sourceTree = "<group>"; };
		7ED3CE032BF5F54F0083449F /* CustomSecureField.swift */ = {isa = PBXFileReference; lastKnownFileType = sourcecode.swift; path = CustomSecureField.swift; sourceTree = "<group>"; };
		7ED3CE052BF5F5670083449F /* CustomTextField.swift */ = {isa = PBXFileReference; lastKnownFileType = sourcecode.swift; path = CustomTextField.swift; sourceTree = "<group>"; };
		7ED3CE082BF5F5CB0083449F /* User.swift */ = {isa = PBXFileReference; lastKnownFileType = sourcecode.swift; path = User.swift; sourceTree = "<group>"; };
		7ED3CE0B2BF5F6140083449F /* AuthorizationView.swift */ = {isa = PBXFileReference; lastKnownFileType = sourcecode.swift; path = AuthorizationView.swift; sourceTree = "<group>"; };
		7ED3CE0F2BF5F6530083449F /* FilmListView.swift */ = {isa = PBXFileReference; lastKnownFileType = sourcecode.swift; path = FilmListView.swift; sourceTree = "<group>"; };
		7ED3CE112BF5F6830083449F /* FilmView.swift */ = {isa = PBXFileReference; lastKnownFileType = sourcecode.swift; path = FilmView.swift; sourceTree = "<group>"; };
		7EE99BEF2BFCD46A00804D2A /* Networking.swift */ = {isa = PBXFileReference; lastKnownFileType = sourcecode.swift; path = Networking.swift; sourceTree = "<group>"; };
		7EE99BF12BFCD5AA00804D2A /* Errors.swift */ = {isa = PBXFileReference; lastKnownFileType = sourcecode.swift; path = Errors.swift; sourceTree = "<group>"; };
		7EE99BF32BFCD89E00804D2A /* MovieFetcher.swift */ = {isa = PBXFileReference; lastKnownFileType = sourcecode.swift; path = MovieFetcher.swift; sourceTree = "<group>"; };
		7EE99BF52BFCE20900804D2A /* FilmListDataService.swift */ = {isa = PBXFileReference; lastKnownFileType = sourcecode.swift; path = FilmListDataService.swift; sourceTree = "<group>"; };
		7EE99BFA2BFCEB9900804D2A /* CityFetcher.swift */ = {isa = PBXFileReference; lastKnownFileType = sourcecode.swift; path = CityFetcher.swift; sourceTree = "<group>"; };
		7EE99BFC2BFCEE2100804D2A /* CinemaFetcher.swift */ = {isa = PBXFileReference; lastKnownFileType = sourcecode.swift; path = CinemaFetcher.swift; sourceTree = "<group>"; };
/* End PBXFileReference section */

/* Begin PBXFrameworksBuildPhase section */
		7E8A7CD32BF236C10074CB68 /* Frameworks */ = {
			isa = PBXFrameworksBuildPhase;
			buildActionMask = 2147483647;
			files = (
				7EE99BF92BFCE2EE00804D2A /* SDWebImageSwiftUI in Frameworks */,
			);
			runOnlyForDeploymentPostprocessing = 0;
		};
/* End PBXFrameworksBuildPhase section */

/* Begin PBXGroup section */
		7E3B55CB2BFD41E60097D526 /* NetworkingServices */ = {
			isa = PBXGroup;
			children = (
				7EE99BEF2BFCD46A00804D2A /* Networking.swift */,
				7EE99BF32BFCD89E00804D2A /* MovieFetcher.swift */,
				7E1D63D32BFD116900B9A979 /* GenreFetcher.swift */,
				7E74B1F62C0CE1E800598911 /* SessionFetcher.swift */,
				7EE99BFA2BFCEB9900804D2A /* CityFetcher.swift */,
				7E65C3E52C0DC7C50092C7E6 /* UserNetworking.swift */,
				7EE99BFC2BFCEE2100804D2A /* CinemaFetcher.swift */,
				7E65C3E12C0DC39E0092C7E6 /* TicketFetcher.swift */,
			);
			path = NetworkingServices;
			sourceTree = "<group>";
		};
		7E3B55CC2BFD42070097D526 /* DataServices */ = {
			isa = PBXGroup;
			children = (
				7EE99BF52BFCE20900804D2A /* FilmListDataService.swift */,
				7E65C3E32C0DC73F0092C7E6 /* AuthorizationService.swift */,
				7E65E07F2C11C8EB0085DC2F /* UserDataService.swift */,
				7EC4DFC42C00C6C8009A1D0B /* FIlmDetailsDataService.swift */,
				7E1D63D52BFD11FE00B9A979 /* FilterDataService.swift */,
				7E74B1F82C0CE26600598911 /* SessionsDataService.swift */,
				7E65C3DF2C0DC2930092C7E6 /* TicketsDataService.swift */,
			);
			path = DataServices;
			sourceTree = "<group>";
		};
		7E8A7CCD2BF236C10074CB68 = {
			isa = PBXGroup;
			children = (
				7E8A7CD82BF236C10074CB68 /* FilmHub */,
				7E8A7CD72BF236C10074CB68 /* Products */,
			);
			sourceTree = "<group>";
		};
		7E8A7CD72BF236C10074CB68 /* Products */ = {
			isa = PBXGroup;
			children = (
				7E8A7CD62BF236C10074CB68 /* FilmHub.app */,
			);
			name = Products;
			sourceTree = "<group>";
		};
		7E8A7CD82BF236C10074CB68 /* FilmHub */ = {
			isa = PBXGroup;
			children = (
				7E8A7CD92BF236C10074CB68 /* FilmHubApp.swift */,
				7ED3CE0A2BF5F5EF0083449F /* Screens */,
				7EE99BEE2BFCD45B00804D2A /* Services */,
				7ED3CE002BF5F5190083449F /* CustomViews */,
				7ED3CE072BF5F5A90083449F /* Model */,
				7E8A7CDD2BF236C20074CB68 /* Assets.xcassets */,
				7E8A7CDF2BF236C20074CB68 /* Preview Content */,
			);
			path = FilmHub;
			sourceTree = "<group>";
		};
		7E8A7CDF2BF236C20074CB68 /* Preview Content */ = {
			isa = PBXGroup;
			children = (
				7E8A7CE82BF2636F0074CB68 /* LaunchScreen.storyboard */,
			);
			path = "Preview Content";
			sourceTree = "<group>";
		};
		7ED3CE002BF5F5190083449F /* CustomViews */ = {
			isa = PBXGroup;
			children = (
				7ED3CE012BF5F5360083449F /* CustomButton.swift */,
				7E4323802BFBD9190012CFA9 /* HallView.swift */,
				7E993BAD2BFE5D6900D1722C /* ReviewList.swift */,
				7E993BAB2BFE5D4300D1722C /* AddOwnReview.swift */,
				7E993BA92BFE5CF900D1722C /* ReviewView.swift */,
				7ED3CE052BF5F5670083449F /* CustomTextField.swift */,
				7ED3CE032BF5F54F0083449F /* CustomSecureField.swift */,
				7ED3CE112BF5F6830083449F /* FilmView.swift */,
				7E8EE1E02BF658FB00CB8166 /* TicketView.swift */,
				7E8EE1E62BF6682800CB8166 /* ScreenHeader.swift */,
				7EA66B142BFA7FF6005B526A /* CheckBox.swift */,
				7E1D63CE2BFD082800B9A979 /* FilmPoster.swift */,
				7E65E07D2C11BBC80085DC2F /* SigningUpView.swift */,
			);
			path = CustomViews;
			sourceTree = "<group>";
		};
		7ED3CE072BF5F5A90083449F /* Model */ = {
			isa = PBXGroup;
			children = (
				7ED3CE082BF5F5CB0083449F /* User.swift */,
				7E4323702BFB6E8D0012CFA9 /* Actor.swift */,
				7E4323722BFB70750012CFA9 /* Cinema.swift */,
				7E4323742BFB71240012CFA9 /* City.swift */,
				7E8EE1D42BF620A500CB8166 /* Movie.swift */,
				7E4323762BFB71AC0012CFA9 /* Genre.swift */,
				7E4323782BFB72070012CFA9 /* Hall.swift */,
				7E8EE1E22BF6597800CB8166 /* Ticket.swift */,
				7E43237A2BFB74D30012CFA9 /* Review.swift */,
				7E43237C2BFB75F40012CFA9 /* Session.swift */,
				7E8EE1E42BF65CDC00CB8166 /* Const.swift */,
				7EE99BF12BFCD5AA00804D2A /* Errors.swift */,
			);
			path = Model;
			sourceTree = "<group>";
		};
		7ED3CE0A2BF5F5EF0083449F /* Screens */ = {
			isa = PBXGroup;
			children = (
				7ED3CE0B2BF5F6140083449F /* AuthorizationView.swift */,
				7ED3CE0F2BF5F6530083449F /* FilmListView.swift */,
				7E8EE1D82BF63EE300CB8166 /* MainScreen.swift */,
				7E8EE1DA2BF63FF500CB8166 /* TicketList.swift */,
				7E8EE1DC2BF6401800CB8166 /* ProfileView.swift */,
				7E8EE1D62BF6293E00CB8166 /* FilmDeatailsView.swift */,
				7E43237E2BFBC4530012CFA9 /* SessionsView.swift */,
				7EA8AC492BF6AA810094195E /* FilterView.swift */,
			);
			path = Screens;
			sourceTree = "<group>";
		};
		7EE99BEE2BFCD45B00804D2A /* Services */ = {
			isa = PBXGroup;
			children = (
				7E3B55CC2BFD42070097D526 /* DataServices */,
				7E3B55CB2BFD41E60097D526 /* NetworkingServices */,
			);
			path = Services;
			sourceTree = "<group>";
		};
/* End PBXGroup section */

/* Begin PBXNativeTarget section */
		7E8A7CD52BF236C10074CB68 /* FilmHub */ = {
			isa = PBXNativeTarget;
			buildConfigurationList = 7E8A7CE42BF236C20074CB68 /* Build configuration list for PBXNativeTarget "FilmHub" */;
			buildPhases = (
				7E8A7CD22BF236C10074CB68 /* Sources */,
				7E8A7CD32BF236C10074CB68 /* Frameworks */,
				7E8A7CD42BF236C10074CB68 /* Resources */,
			);
			buildRules = (
			);
			dependencies = (
			);
			name = FilmHub;
			packageProductDependencies = (
				7EE99BF82BFCE2EE00804D2A /* SDWebImageSwiftUI */,
			);
			productName = FilmHub;
			productReference = 7E8A7CD62BF236C10074CB68 /* FilmHub.app */;
			productType = "com.apple.product-type.application";
		};
/* End PBXNativeTarget section */

/* Begin PBXProject section */
		7E8A7CCE2BF236C10074CB68 /* Project object */ = {
			isa = PBXProject;
			attributes = {
				BuildIndependentTargetsInParallel = 1;
				LastSwiftUpdateCheck = 1520;
				LastUpgradeCheck = 1520;
				TargetAttributes = {
					7E8A7CD52BF236C10074CB68 = {
						CreatedOnToolsVersion = 15.2;
					};
				};
			};
			buildConfigurationList = 7E8A7CD12BF236C10074CB68 /* Build configuration list for PBXProject "FilmHub" */;
			compatibilityVersion = "Xcode 14.0";
			developmentRegion = en;
			hasScannedForEncodings = 0;
			knownRegions = (
				en,
				Base,
			);
			mainGroup = 7E8A7CCD2BF236C10074CB68;
			packageReferences = (
				7EE99BF72BFCE2EE00804D2A /* XCRemoteSwiftPackageReference "SDWebImageSwiftUI" */,
				7E1D63D02BFD0D1C00B9A979 /* XCRemoteSwiftPackageReference "BlurView" */,
			);
			productRefGroup = 7E8A7CD72BF236C10074CB68 /* Products */;
			projectDirPath = "";
			projectRoot = "";
			targets = (
				7E8A7CD52BF236C10074CB68 /* FilmHub */,
			);
		};
/* End PBXProject section */

/* Begin PBXResourcesBuildPhase section */
		7E8A7CD42BF236C10074CB68 /* Resources */ = {
			isa = PBXResourcesBuildPhase;
			buildActionMask = 2147483647;
			files = (
				7E8A7CDE2BF236C20074CB68 /* Assets.xcassets in Resources */,
				7E8A7CE92BF2636F0074CB68 /* LaunchScreen.storyboard in Resources */,
			);
			runOnlyForDeploymentPostprocessing = 0;
		};
/* End PBXResourcesBuildPhase section */

/* Begin PBXSourcesBuildPhase section */
		7E8A7CD22BF236C10074CB68 /* Sources */ = {
			isa = PBXSourcesBuildPhase;
			buildActionMask = 2147483647;
			files = (
				7E43237D2BFB75F40012CFA9 /* Session.swift in Sources */,
				7E1D63D42BFD116900B9A979 /* GenreFetcher.swift in Sources */,
				7E4323812BFBD9190012CFA9 /* HallView.swift in Sources */,
				7E4323732BFB70750012CFA9 /* Cinema.swift in Sources */,
				7E8EE1D92BF63EE300CB8166 /* MainScreen.swift in Sources */,
				7E8EE1DB2BF63FF500CB8166 /* TicketList.swift in Sources */,
				7EE99BFD2BFCEE2100804D2A /* CinemaFetcher.swift in Sources */,
				7E74B1F92C0CE26600598911 /* SessionsDataService.swift in Sources */,
				7ED3CE102BF5F6530083449F /* FilmListView.swift in Sources */,
				7ED3CE042BF5F54F0083449F /* CustomSecureField.swift in Sources */,
				7EA66B152BFA7FF6005B526A /* CheckBox.swift in Sources */,
				7E8EE1E72BF6682800CB8166 /* ScreenHeader.swift in Sources */,
				7E4323792BFB72070012CFA9 /* Hall.swift in Sources */,
				7E74B1F72C0CE1E800598911 /* SessionFetcher.swift in Sources */,
				7ED3CE092BF5F5CB0083449F /* User.swift in Sources */,
				7E8EE1E52BF65CDC00CB8166 /* Const.swift in Sources */,
				7E65E0802C11C8EB0085DC2F /* UserDataService.swift in Sources */,
				7E65C3E22C0DC39E0092C7E6 /* TicketFetcher.swift in Sources */,
				7E65E07E2C11BBC80085DC2F /* SigningUpView.swift in Sources */,
				7E65C3E62C0DC7C50092C7E6 /* UserNetworking.swift in Sources */,
				7E1D63D62BFD11FE00B9A979 /* FilterDataService.swift in Sources */,
				7EE99BF62BFCE20900804D2A /* FilmListDataService.swift in Sources */,
				7EE99BF22BFCD5AA00804D2A /* Errors.swift in Sources */,
				7EE99BF42BFCD89E00804D2A /* MovieFetcher.swift in Sources */,
				7E8EE1D72BF6293E00CB8166 /* FilmDeatailsView.swift in Sources */,
				7E8A7CDA2BF236C10074CB68 /* FilmHubApp.swift in Sources */,
				7E8EE1D52BF620A500CB8166 /* Movie.swift in Sources */,
				7E4323752BFB71240012CFA9 /* City.swift in Sources */,
				7EC4DFC52C00C6C8009A1D0B /* FIlmDetailsDataService.swift in Sources */,
				7ED3CE022BF5F5360083449F /* CustomButton.swift in Sources */,
				7E43237F2BFBC4530012CFA9 /* SessionsView.swift in Sources */,
				7E8EE1E12BF658FB00CB8166 /* TicketView.swift in Sources */,
				7E4323712BFB6E8D0012CFA9 /* Actor.swift in Sources */,
				7EE99BF02BFCD46A00804D2A /* Networking.swift in Sources */,
				7E65C3E42C0DC73F0092C7E6 /* AuthorizationService.swift in Sources */,
				7E993BAC2BFE5D4300D1722C /* AddOwnReview.swift in Sources */,
				7ED3CE0C2BF5F6140083449F /* AuthorizationView.swift in Sources */,
				7E43237B2BFB74D30012CFA9 /* Review.swift in Sources */,
				7E65C3E02C0DC2930092C7E6 /* TicketsDataService.swift in Sources */,
				7E4323772BFB71AC0012CFA9 /* Genre.swift in Sources */,
				7E993BAA2BFE5CF900D1722C /* ReviewView.swift in Sources */,
				7ED3CE122BF5F6830083449F /* FilmView.swift in Sources */,
				7E8EE1E32BF6597800CB8166 /* Ticket.swift in Sources */,
				7EE99BFB2BFCEB9900804D2A /* CityFetcher.swift in Sources */,
				7E1D63CF2BFD082800B9A979 /* FilmPoster.swift in Sources */,
				7EA8AC4A2BF6AA810094195E /* FilterView.swift in Sources */,
				7E8EE1DD2BF6401800CB8166 /* ProfileView.swift in Sources */,
				7E993BAE2BFE5D6900D1722C /* ReviewList.swift in Sources */,
				7ED3CE062BF5F5670083449F /* CustomTextField.swift in Sources */,
			);
			runOnlyForDeploymentPostprocessing = 0;
		};
/* End PBXSourcesBuildPhase section */

/* Begin XCBuildConfiguration section */
		7E8A7CE22BF236C20074CB68 /* Debug */ = {
			isa = XCBuildConfiguration;
			buildSettings = {
				ALWAYS_SEARCH_USER_PATHS = NO;
				ASSETCATALOG_COMPILER_GENERATE_SWIFT_ASSET_SYMBOL_EXTENSIONS = YES;
				CLANG_ANALYZER_NONNULL = YES;
				CLANG_ANALYZER_NUMBER_OBJECT_CONVERSION = YES_AGGRESSIVE;
				CLANG_CXX_LANGUAGE_STANDARD = "gnu++20";
				CLANG_ENABLE_MODULES = YES;
				CLANG_ENABLE_OBJC_ARC = YES;
				CLANG_ENABLE_OBJC_WEAK = YES;
				CLANG_WARN_BLOCK_CAPTURE_AUTORELEASING = YES;
				CLANG_WARN_BOOL_CONVERSION = YES;
				CLANG_WARN_COMMA = YES;
				CLANG_WARN_CONSTANT_CONVERSION = YES;
				CLANG_WARN_DEPRECATED_OBJC_IMPLEMENTATIONS = YES;
				CLANG_WARN_DIRECT_OBJC_ISA_USAGE = YES_ERROR;
				CLANG_WARN_DOCUMENTATION_COMMENTS = YES;
				CLANG_WARN_EMPTY_BODY = YES;
				CLANG_WARN_ENUM_CONVERSION = YES;
				CLANG_WARN_INFINITE_RECURSION = YES;
				CLANG_WARN_INT_CONVERSION = YES;
				CLANG_WARN_NON_LITERAL_NULL_CONVERSION = YES;
				CLANG_WARN_OBJC_IMPLICIT_RETAIN_SELF = YES;
				CLANG_WARN_OBJC_LITERAL_CONVERSION = YES;
				CLANG_WARN_OBJC_ROOT_CLASS = YES_ERROR;
				CLANG_WARN_QUOTED_INCLUDE_IN_FRAMEWORK_HEADER = YES;
				CLANG_WARN_RANGE_LOOP_ANALYSIS = YES;
				CLANG_WARN_STRICT_PROTOTYPES = YES;
				CLANG_WARN_SUSPICIOUS_MOVE = YES;
				CLANG_WARN_UNGUARDED_AVAILABILITY = YES_AGGRESSIVE;
				CLANG_WARN_UNREACHABLE_CODE = YES;
				CLANG_WARN__DUPLICATE_METHOD_MATCH = YES;
				COPY_PHASE_STRIP = NO;
				DEBUG_INFORMATION_FORMAT = dwarf;
				ENABLE_STRICT_OBJC_MSGSEND = YES;
				ENABLE_TESTABILITY = YES;
				ENABLE_USER_SCRIPT_SANDBOXING = YES;
				GCC_C_LANGUAGE_STANDARD = gnu17;
				GCC_DYNAMIC_NO_PIC = NO;
				GCC_NO_COMMON_BLOCKS = YES;
				GCC_OPTIMIZATION_LEVEL = 0;
				GCC_PREPROCESSOR_DEFINITIONS = (
					"DEBUG=1",
					"$(inherited)",
				);
				GCC_WARN_64_TO_32_BIT_CONVERSION = YES;
				GCC_WARN_ABOUT_RETURN_TYPE = YES_ERROR;
				GCC_WARN_UNDECLARED_SELECTOR = YES;
				GCC_WARN_UNINITIALIZED_AUTOS = YES_AGGRESSIVE;
				GCC_WARN_UNUSED_FUNCTION = YES;
				GCC_WARN_UNUSED_VARIABLE = YES;
				IPHONEOS_DEPLOYMENT_TARGET = 17.2;
				LOCALIZATION_PREFERS_STRING_CATALOGS = YES;
				MTL_ENABLE_DEBUG_INFO = INCLUDE_SOURCE;
				MTL_FAST_MATH = YES;
				ONLY_ACTIVE_ARCH = YES;
				SDKROOT = iphoneos;
				SWIFT_ACTIVE_COMPILATION_CONDITIONS = "DEBUG $(inherited)";
				SWIFT_OPTIMIZATION_LEVEL = "-Onone";
			};
			name = Debug;
		};
		7E8A7CE32BF236C20074CB68 /* Release */ = {
			isa = XCBuildConfiguration;
			buildSettings = {
				ALWAYS_SEARCH_USER_PATHS = NO;
				ASSETCATALOG_COMPILER_GENERATE_SWIFT_ASSET_SYMBOL_EXTENSIONS = YES;
				CLANG_ANALYZER_NONNULL = YES;
				CLANG_ANALYZER_NUMBER_OBJECT_CONVERSION = YES_AGGRESSIVE;
				CLANG_CXX_LANGUAGE_STANDARD = "gnu++20";
				CLANG_ENABLE_MODULES = YES;
				CLANG_ENABLE_OBJC_ARC = YES;
				CLANG_ENABLE_OBJC_WEAK = YES;
				CLANG_WARN_BLOCK_CAPTURE_AUTORELEASING = YES;
				CLANG_WARN_BOOL_CONVERSION = YES;
				CLANG_WARN_COMMA = YES;
				CLANG_WARN_CONSTANT_CONVERSION = YES;
				CLANG_WARN_DEPRECATED_OBJC_IMPLEMENTATIONS = YES;
				CLANG_WARN_DIRECT_OBJC_ISA_USAGE = YES_ERROR;
				CLANG_WARN_DOCUMENTATION_COMMENTS = YES;
				CLANG_WARN_EMPTY_BODY = YES;
				CLANG_WARN_ENUM_CONVERSION = YES;
				CLANG_WARN_INFINITE_RECURSION = YES;
				CLANG_WARN_INT_CONVERSION = YES;
				CLANG_WARN_NON_LITERAL_NULL_CONVERSION = YES;
				CLANG_WARN_OBJC_IMPLICIT_RETAIN_SELF = YES;
				CLANG_WARN_OBJC_LITERAL_CONVERSION = YES;
				CLANG_WARN_OBJC_ROOT_CLASS = YES_ERROR;
				CLANG_WARN_QUOTED_INCLUDE_IN_FRAMEWORK_HEADER = YES;
				CLANG_WARN_RANGE_LOOP_ANALYSIS = YES;
				CLANG_WARN_STRICT_PROTOTYPES = YES;
				CLANG_WARN_SUSPICIOUS_MOVE = YES;
				CLANG_WARN_UNGUARDED_AVAILABILITY = YES_AGGRESSIVE;
				CLANG_WARN_UNREACHABLE_CODE = YES;
				CLANG_WARN__DUPLICATE_METHOD_MATCH = YES;
				COPY_PHASE_STRIP = NO;
				DEBUG_INFORMATION_FORMAT = "dwarf-with-dsym";
				ENABLE_NS_ASSERTIONS = NO;
				ENABLE_STRICT_OBJC_MSGSEND = YES;
				ENABLE_USER_SCRIPT_SANDBOXING = YES;
				GCC_C_LANGUAGE_STANDARD = gnu17;
				GCC_NO_COMMON_BLOCKS = YES;
				GCC_WARN_64_TO_32_BIT_CONVERSION = YES;
				GCC_WARN_ABOUT_RETURN_TYPE = YES_ERROR;
				GCC_WARN_UNDECLARED_SELECTOR = YES;
				GCC_WARN_UNINITIALIZED_AUTOS = YES_AGGRESSIVE;
				GCC_WARN_UNUSED_FUNCTION = YES;
				GCC_WARN_UNUSED_VARIABLE = YES;
				IPHONEOS_DEPLOYMENT_TARGET = 17.2;
				LOCALIZATION_PREFERS_STRING_CATALOGS = YES;
				MTL_ENABLE_DEBUG_INFO = NO;
				MTL_FAST_MATH = YES;
				SDKROOT = iphoneos;
				SWIFT_COMPILATION_MODE = wholemodule;
				VALIDATE_PRODUCT = YES;
			};
			name = Release;
		};
		7E8A7CE52BF236C20074CB68 /* Debug */ = {
			isa = XCBuildConfiguration;
			buildSettings = {
				ASSETCATALOG_COMPILER_APPICON_NAME = AppIcon;
				ASSETCATALOG_COMPILER_GLOBAL_ACCENT_COLOR_NAME = AccentColor;
				CODE_SIGN_STYLE = Automatic;
				CURRENT_PROJECT_VERSION = 1;
				DEVELOPMENT_ASSET_PATHS = "\"FilmHub/Preview Content\"";
				DEVELOPMENT_TEAM = 52LXM6K854;
				ENABLE_PREVIEWS = YES;
				GENERATE_INFOPLIST_FILE = YES;
				INFOPLIST_FILE = FilmHub/Info.plist;
				INFOPLIST_KEY_UIApplicationSceneManifest_Generation = YES;
				INFOPLIST_KEY_UIApplicationSupportsIndirectInputEvents = YES;
				INFOPLIST_KEY_UILaunchStoryboardName = LaunchScreen.storyboard;
				INFOPLIST_KEY_UISupportedInterfaceOrientations_iPad = "UIInterfaceOrientationPortrait UIInterfaceOrientationPortraitUpsideDown UIInterfaceOrientationLandscapeLeft UIInterfaceOrientationLandscapeRight";
				INFOPLIST_KEY_UISupportedInterfaceOrientations_iPhone = "UIInterfaceOrientationPortrait UIInterfaceOrientationLandscapeLeft UIInterfaceOrientationLandscapeRight";
				LD_RUNPATH_SEARCH_PATHS = (
					"$(inherited)",
					"@executable_path/Frameworks",
				);
				MARKETING_VERSION = 1.0;
				PRODUCT_BUNDLE_IDENTIFIER = ua.edu.ukma.litvinchuk.FilmHub;
				PRODUCT_NAME = "$(TARGET_NAME)";
				SWIFT_EMIT_LOC_STRINGS = YES;
				SWIFT_VERSION = 5.0;
				TARGETED_DEVICE_FAMILY = "1,2";
			};
			name = Debug;
		};
		7E8A7CE62BF236C20074CB68 /* Release */ = {
			isa = XCBuildConfiguration;
			buildSettings = {
				ASSETCATALOG_COMPILER_APPICON_NAME = AppIcon;
				ASSETCATALOG_COMPILER_GLOBAL_ACCENT_COLOR_NAME = AccentColor;
				CODE_SIGN_STYLE = Automatic;
				CURRENT_PROJECT_VERSION = 1;
				DEVELOPMENT_ASSET_PATHS = "\"FilmHub/Preview Content\"";
				DEVELOPMENT_TEAM = 52LXM6K854;
				ENABLE_PREVIEWS = YES;
				GENERATE_INFOPLIST_FILE = YES;
				INFOPLIST_FILE = FilmHub/Info.plist;
				INFOPLIST_KEY_UIApplicationSceneManifest_Generation = YES;
				INFOPLIST_KEY_UIApplicationSupportsIndirectInputEvents = YES;
				INFOPLIST_KEY_UILaunchStoryboardName = LaunchScreen.storyboard;
				INFOPLIST_KEY_UISupportedInterfaceOrientations_iPad = "UIInterfaceOrientationPortrait UIInterfaceOrientationPortraitUpsideDown UIInterfaceOrientationLandscapeLeft UIInterfaceOrientationLandscapeRight";
				INFOPLIST_KEY_UISupportedInterfaceOrientations_iPhone = "UIInterfaceOrientationPortrait UIInterfaceOrientationLandscapeLeft UIInterfaceOrientationLandscapeRight";
				LD_RUNPATH_SEARCH_PATHS = (
					"$(inherited)",
					"@executable_path/Frameworks",
				);
				MARKETING_VERSION = 1.0;
				PRODUCT_BUNDLE_IDENTIFIER = ua.edu.ukma.litvinchuk.FilmHub;
				PRODUCT_NAME = "$(TARGET_NAME)";
				SWIFT_EMIT_LOC_STRINGS = YES;
				SWIFT_VERSION = 5.0;
				TARGETED_DEVICE_FAMILY = "1,2";
			};
			name = Release;
		};
/* End XCBuildConfiguration section */

/* Begin XCConfigurationList section */
		7E8A7CD12BF236C10074CB68 /* Build configuration list for PBXProject "FilmHub" */ = {
			isa = XCConfigurationList;
			buildConfigurations = (
				7E8A7CE22BF236C20074CB68 /* Debug */,
				7E8A7CE32BF236C20074CB68 /* Release */,
			);
			defaultConfigurationIsVisible = 0;
			defaultConfigurationName = Release;
		};
		7E8A7CE42BF236C20074CB68 /* Build configuration list for PBXNativeTarget "FilmHub" */ = {
			isa = XCConfigurationList;
			buildConfigurations = (
				7E8A7CE52BF236C20074CB68 /* Debug */,
				7E8A7CE62BF236C20074CB68 /* Release */,
			);
			defaultConfigurationIsVisible = 0;
			defaultConfigurationName = Release;
		};
/* End XCConfigurationList section */

/* Begin XCRemoteSwiftPackageReference section */
		7E1D63D02BFD0D1C00B9A979 /* XCRemoteSwiftPackageReference "BlurView" */ = {
			isa = XCRemoteSwiftPackageReference;
			repositoryURL = "https://github.com/MarioIannotta/BlurView.git";
			requirement = {
				kind = upToNextMajorVersion;
				minimumVersion = 1.0.0;
			};
		};
		7EE99BF72BFCE2EE00804D2A /* XCRemoteSwiftPackageReference "SDWebImageSwiftUI" */ = {
			isa = XCRemoteSwiftPackageReference;
			repositoryURL = "https://github.com/SDWebImage/SDWebImageSwiftUI";
			requirement = {
				kind = upToNextMajorVersion;
				minimumVersion = 3.0.4;
			};
		};
/* End XCRemoteSwiftPackageReference section */

/* Begin XCSwiftPackageProductDependency section */
		7EE99BF82BFCE2EE00804D2A /* SDWebImageSwiftUI */ = {
			isa = XCSwiftPackageProductDependency;
			package = 7EE99BF72BFCE2EE00804D2A /* XCRemoteSwiftPackageReference "SDWebImageSwiftUI" */;
			productName = SDWebImageSwiftUI;
		};
/* End XCSwiftPackageProductDependency section */
	};
	rootObject = 7E8A7CCE2BF236C10074CB68 /* Project object */;
}
